
Microsoft Visual Studio Solution File, Format Version 12.00
# Visual Studio Version 16
VisualStudioVersion = 16.0.810.18
MinimumVisualStudioVersion = 10.0.40219.1
Project("{FAE04EC0-301F-11D3-BF4B-00C04F79EFBC}") = "WebAPI", "WebAPI\WebAPI.csproj", "{FCC2E064-BDD0-414C-96E6-2B0FD7E901DB}"
EndProject
Global
	GlobalSection(SolutionConfigurationPlatforms) = preSolution
		Debug|Any CPU = Debug|Any CPU
		Release|Any CPU = Release|Any CPU
	EndGlobalSection
	GlobalSection(ProjectConfigurationPlatforms) = postSolution
		{FCC2E064-BDD0-414C-96E6-2B0FD7E901DB}.Debug|Any CPU.ActiveCfg = Debug|Any CPU
		{FCC2E064-BDD0-414C-96E6-2B0FD7E901DB}.Debug|Any CPU.Build.0 = Debug|Any CPU
		{FCC2E064-BDD0-414C-96E6-2B0FD7E901DB}.Release|Any CPU.ActiveCfg = Release|Any CPU
		{FCC2E064-BDD0-414C-96E6-2B0FD7E901DB}.Release|Any CPU.Build.0 = Release|Any CPU
	EndGlobalSection
	GlobalSection(SolutionProperties) = preSolution
		HideSolutionNode = FALSE
	EndGlobalSection
	GlobalSection(ExtensibilityGlobals) = postSolution
		SolutionGuid = {14705C3B-D9FC-4A15-B240-0B85583EE9BD}
	EndGlobalSection
EndGlobal
